lockfile_version: '1'
generated_at: '2026-05-24T10:34:36.006149+00:00'
apm_version: 0.12.4
dependencies:
- repo_url: Dammyjay93/interface-design
  host: github.com
  resolved_commit: 8c407c1c42890010a9eb403a9f419b1eeadcfdad
  resolved_ref: main
  virtual_path: .claude/skills/interface-design
  is_virtual: true
  package_type: claude_skill
  deployed_files:
  - .agents/skills/interface-design
  - .claude/skills/interface-design
  content_hash: sha256:772b6a163adc602f526f7abb0ee4e8d9e37fd1ec1821e5ec91d844617b91fc6e
- repo_url: google-labs-code/stitch-skills
  host: github.com
  resolved_commit: 21db6cdf511678a5d55d188f8c6b152f57b59f27
  resolved_ref: main
  virtual_path: plugins/stitch-design
  is_virtual: true
  package_type: marketplace_plugin
  deployed_files:
  - .agents/skills/code-to-design
  - .agents/skills/extract-design-md
  - .agents/skills/extract-static-html
  - .agents/skills/generate-design
  - .agents/skills/manage-design-system
  - .agents/skills/upload-to-stitch
  - .claude/skills/code-to-design
  - .claude/skills/extract-design-md
  - .claude/skills/extract-static-html
  - .claude/skills/generate-design
  - .claude/skills/manage-design-system
  - .claude/skills/upload-to-stitch
  content_hash: sha256:0b24f2cd31848b1b0c0e169d0edb5ce43576be7d5472c27831f8fd3b1b4f50a8
- repo_url: mattpocock/skills
  host: github.com
  resolved_commit: b8be62ffacb0118fa3eaa29a0923c87c8c11985c
  resolved_ref: main
  virtual_path: skills/engineering/diagnose
  is_virtual: true
  package_type: claude_skill
  deployed_files:
  - .agents/skills/diagnose
  - .claude/skills/diagnose
  content_hash: sha256:eacaa3d6c8bfcf4c051fc1c12cb5c43f3549ccb1d447aa8b263abdc5b1eaceb5
- repo_url: mattpocock/skills
  host: github.com
  resolved_commit: b8be62ffacb0118fa3eaa29a0923c87c8c11985c
  resolved_ref: main
  virtual_path: skills/engineering/grill-with-docs
  is_virtual: true
  package_type: claude_skill
  deployed_files:
  - .agents/skills/grill-with-docs
  - .claude/skills/grill-with-docs
  content_hash: sha256:a5c65e76275008b469962f7bee8b34866f1c9b0709f4886e71c8e731735640e4
- repo_url: mattpocock/skills
  host: github.com
  resolved_commit: b8be62ffacb0118fa3eaa29a0923c87c8c11985c
  resolved_ref: main
  virtual_path: skills/productivity/grill-me
  is_virtual: true
  package_type: claude_skill
  deployed_files:
  - .agents/skills/grill-me
  - .claude/skills/grill-me
  content_hash: sha256:784f0dbb7403b0f00324bce9a112f715342777a0daee7bbb7385f9c6f0a170ea
- repo_url: pbakaus/impeccable
  host: github.com
  resolved_commit: 84135db0e6bdd58d22828f7bc8331cae7bde3e7f
  resolved_ref: main
  virtual_path: .agents/skills/impeccable
  is_virtual: true
  package_type: claude_skill
  deployed_files:
  - .agents/skills/impeccable
  - .claude/skills/impeccable
  content_hash: sha256:376459dca7ed65ed3dbfe77eedff4aa64883776f8446b4c097044c74269147c3
- repo_url: srobroek/agentic-packages
  host: github.com
  resolved_commit: 4a5dc403f75cebd036b87f2e48dfce802ebebe7a
  resolved_ref: main
  virtual_path: packages/core
  is_virtual: true
  package_type: apm_package
  deployed_files:
  - .agents/skills/catchup
  - .agents/skills/code-review
  - .agents/skills/codebase-index
  - .agents/skills/codebase-memory
  - .agents/skills/commit-push-merge
  - .agents/skills/commit-push-pr
  - .agents/skills/explore
  - .agents/skills/handover
  - .agents/skills/optimize-steering
  - .agents/skills/prompt-lookup
  - .agents/skills/quick-commit
  - .agents/skills/research
  - .agents/skills/steering-audit
  - .agents/skills/unstuck
  - .agents/skills/verify
  - .agents/skills/web-fetch
  - .agents/skills/write-a-skill
  - .claude/rules/30-frontend.md
  - .claude/rules/31-frontend-ui.md
  - .claude/skills/catchup
  - .claude/skills/code-review
  - .claude/skills/codebase-index
  - .claude/skills/codebase-memory
  - .claude/skills/commit-push-merge
  - .claude/skills/commit-push-pr
  - .claude/skills/explore
  - .claude/skills/handover
  - .claude/skills/optimize-steering
  - .claude/skills/prompt-lookup
  - .claude/skills/quick-commit
  - .claude/skills/research
  - .claude/skills/steering-audit
  - .claude/skills/unstuck
  - .claude/skills/verify
  - .claude/skills/web-fetch
  - .claude/skills/write-a-skill
  deployed_file_hashes:
    .claude/rules/30-frontend.md: sha256:981835e4754efe71ded7679666a5b8f6d158c077beed703eb28e0b2b3a113b7d
    .claude/rules/31-frontend-ui.md: sha256:798dffe66f9d28307767a1d33e92677f1bcd58d0e621dac731421c444f3c6ea6
  content_hash: sha256:b0a6e32e6f835eca0e4a748d0cf7b4ed7daaed014140f3e59452800064363bec
- repo_url: srobroek/agentic-packages
  host: github.com
  resolved_commit: 4a5dc403f75cebd036b87f2e48dfce802ebebe7a
  resolved_ref: main
  virtual_path: packages/docs-architecture
  is_virtual: true
  package_type: apm_package
  content_hash: sha256:13e5953e972fb8c283b5b1382d8e6aa1355613e2bf12a22327a358c662a0063e
- repo_url: srobroek/agentic-packages
  host: github.com
  resolved_commit: 4a5dc403f75cebd036b87f2e48dfce802ebebe7a
  resolved_ref: main
  virtual_path: packages/frontend
  is_virtual: true
  package_type: apm_package
  deployed_files:
  - .agents/skills/playwright
  - .claude/rules/25-frontend-tools.md
  - .claude/rules/30-frontend.md
  - .claude/rules/31-frontend-ui.md
  - .claude/skills/playwright
  deployed_file_hashes:
    .claude/rules/25-frontend-tools.md: sha256:5a3a00c63a48f4b508c8b360d6144b3c47f4a7291e0df5cac1a54bc5a5d399a9
    .claude/rules/30-frontend.md: sha256:981835e4754efe71ded7679666a5b8f6d158c077beed703eb28e0b2b3a113b7d
    .claude/rules/31-frontend-ui.md: sha256:798dffe66f9d28307767a1d33e92677f1bcd58d0e621dac731421c444f3c6ea6
  content_hash: sha256:70d29f79aee16f8bfbc67583e56c51fc992bf9ab22ec973b1f1bf82390ff2e52
- repo_url: srobroek/agentic-packages
  host: github.com
  resolved_commit: 4a5dc403f75cebd036b87f2e48dfce802ebebe7a
  resolved_ref: main
  virtual_path: packages/language-rust
  is_virtual: true
  package_type: apm_package
  deployed_files:
  - .agents/skills/rust-quality
  - .claude/rules/73-language-rust.md
  - .claude/skills/rust-quality
  deployed_file_hashes:
    .claude/rules/73-language-rust.md: sha256:2391642b54bccd989140c651c1fd574969e81c47262118e62262f801e0a1f27a
  content_hash: sha256:5d363d5876a23becdf272e7d424aebb3617ff3147e8ab4f6c7f8d8ea7c0b8959
- repo_url: srobroek/agentic-packages
  host: github.com
  resolved_commit: 4a5dc403f75cebd036b87f2e48dfce802ebebe7a
  resolved_ref: main
  virtual_path: packages/language-typescript
  is_virtual: true
  package_type: apm_package
  deployed_files:
  - .agents/skills/typescript-quality
  - .claude/rules/70-language-typescript.md
  - .claude/skills/typescript-quality
  deployed_file_hashes:
    .claude/rules/70-language-typescript.md: sha256:2c36ff653ae2fff4a485080a019943cf1718bbe5e65c68ede7fc23ce1e3c162b
  content_hash: sha256:20b7c6b89f9facf431d72fffa251e91b31b873bb63460f6c0b2491b964a0d269
- repo_url: srobroek/agentic-packages
  host: github.com
  resolved_commit: 4a5dc403f75cebd036b87f2e48dfce802ebebe7a
  resolved_ref: main
  virtual_path: packages/mcp-codebase-memory
  is_virtual: true
  package_type: apm_package
  content_hash: sha256:6153a77200581b0b41be1fdf87c5102d29fb3631a03d8f9476047edc9d37e208
- repo_url: srobroek/agentic-packages
  host: github.com
  resolved_commit: 4a5dc403f75cebd036b87f2e48dfce802ebebe7a
  resolved_ref: main
  virtual_path: packages/mcp-context7
  is_virtual: true
  package_type: apm_package
  content_hash: sha256:5bc0ca3244b15353602186dc19294abdd6a134301633f7311b36b3e87e515f79
- repo_url: srobroek/agentic-packages
  host: github.com
  resolved_commit: 4a5dc403f75cebd036b87f2e48dfce802ebebe7a
  resolved_ref: main
  virtual_path: packages/mcp-package-version
  is_virtual: true
  package_type: apm_package
  content_hash: sha256:8db3a72e2d936a5d920f0fd8620fa5ecc3b07f23686e068859d31a8216555b4c
- repo_url: srobroek/agentic-packages
  host: github.com
  resolved_commit: 4a5dc403f75cebd036b87f2e48dfce802ebebe7a
  resolved_ref: main
  virtual_path: packages/mcp-playwright
  is_virtual: true
  package_type: apm_package
  content_hash: sha256:7f40d7fb48f4c36e5e15152a2e43e2f6ec6d256e890a93d2692cf9bb6c5d4da7
- repo_url: srobroek/agentic-packages
  host: github.com
  resolved_commit: 4a5dc403f75cebd036b87f2e48dfce802ebebe7a
  resolved_ref: main
  virtual_path: packages/mcp-repomix
  is_virtual: true
  package_type: apm_package
  content_hash: sha256:4f24924caf5afe4c45915cb8d1ea59be3a881200d5190b5a492b82996a190ec0
- repo_url: srobroek/agentic-packages
  host: github.com
  resolved_commit: 4a5dc403f75cebd036b87f2e48dfce802ebebe7a
  resolved_ref: main
  virtual_path: packages/mcp-serena
  is_virtual: true
  package_type: apm_package
  content_hash: sha256:942f21ed032de7bd0d000932342eb3a6456bb50156e7c85b07bb8dc43fb6a629
- repo_url: srobroek/agentic-packages
  host: github.com
  resolved_commit: 4a5dc403f75cebd036b87f2e48dfce802ebebe7a
  resolved_ref: main
  virtual_path: packages/quality
  is_virtual: true
  package_type: apm_package
  deployed_files:
  - .agents/skills/code-review
  - .agents/skills/go-quality
  - .agents/skills/python-quality
  - .agents/skills/rust-quality
  - .agents/skills/typescript-quality
  - .agents/skills/verify
  - .claude/skills/code-review
  - .claude/skills/go-quality
  - .claude/skills/python-quality
  - .claude/skills/rust-quality
  - .claude/skills/typescript-quality
  - .claude/skills/verify
  content_hash: sha256:b70bbd9978de5c81e2cbf30a82253d59afb9617a9a4e37f17c40098b3305d7f0
- repo_url: srobroek/agentic-packages
  host: github.com
  resolved_commit: ce58db369cc6b5239dcd89911acf18e5245ca263
  resolved_ref: main
  virtual_path: packages/speckit
  is_virtual: true
  package_type: apm_package
  deployed_files:
  - .agents/skills/speckit-bugfix
  - .agents/skills/speckit-dag
  - .claude/agents/speckit-implement-task.md
  - .claude/agents/speckit-research.md
  - .claude/agents/speckit-sync-conflicts.md
  - .claude/agents/speckit-sync.md
  - .claude/agents/speckit-verify-tasks.md
  - .claude/agents/speckit-verify.md
  - .claude/hooks/speckit/scripts/speckit-context7-reminder.sh
  - .claude/hooks/speckit/scripts/speckit-deferred-issues.sh
  - .claude/hooks/speckit/scripts/speckit-issue-close-guard.sh
  - .claude/hooks/speckit/scripts/speckit-issue-label-guard.sh
  - .claude/hooks/speckit/scripts/speckit-pr-issue-refs.sh
  - .claude/hooks/speckit/scripts/speckit-stop-gate.sh
  - .claude/hooks/speckit/scripts/speckit-task-commit-check.sh
  - .claude/skills/speckit-bugfix
  - .claude/skills/speckit-bugfix/SKILL.md
  - .claude/skills/speckit-setup
  - .claude/skills/speckit-setup/SKILL.md
  - .claude/skills/speckit-setup/scripts/setup-speckit.sh
  deployed_file_hashes:
    .claude/agents/speckit-implement-task.md: sha256:c7682647bd3bb447208d770b0cd2b2c7e27cd4e5fc895503a3d980df169f3038
    .claude/agents/speckit-research.md: sha256:359a3bb4fd22008848dba111f6dfb740602cf371763d7c1624c4c5dbf852e031
    .claude/agents/speckit-sync-conflicts.md: sha256:880f2f81f09c8291e80653d4d119e82b00a8c47779b353681aaeca0992785c75
    .claude/agents/speckit-sync.md: sha256:bfd447528b2a186de295d2c5b1700f7be21eab152f11bbae109fdf277802df15
    .claude/agents/speckit-verify-tasks.md: sha256:81b641804a81c1ec38e5567e4537656fb593d959573d8a1642c55fffc2fe7bc5
    .claude/agents/speckit-verify.md: sha256:a0c88e1dedc56d8c5d5d2e637c55fd42987ab3898a0a7baa5324be8204bb70cc
    .claude/hooks/speckit/scripts/speckit-context7-reminder.sh: sha256:a290d9a15b7bbcaa8609cbf07842f3354bf6601bb9cf7247d8e3b7a54152a4c8
    .claude/hooks/speckit/scripts/speckit-deferred-issues.sh: sha256:84ae87584b66e548a86b2219558751dc9aacfbc45138be3d7b185341ce396414
    .claude/hooks/speckit/scripts/speckit-issue-close-guard.sh: sha256:49448952989f014d7c6a8bb4ed95acca1b739dd840e9bf2d2ce5d821136767e1
    .claude/hooks/speckit/scripts/speckit-issue-label-guard.sh: sha256:2d674701adbb6d89ac415eef439bf35956b3edaeb240b85f980b6c9e74e960b9
    .claude/hooks/speckit/scripts/speckit-pr-issue-refs.sh: sha256:0326e8397f2cc6887f2eb2c98422ab57d34ca9227c977a068536b673c96ddda2
    .claude/hooks/speckit/scripts/speckit-stop-gate.sh: sha256:762a4f8cafabd626410242ccb57be4c4ff27cca5768e13f895ea1f8677af320c
    .claude/hooks/speckit/scripts/speckit-task-commit-check.sh: sha256:e71970d892665803d21e84233928b5f82092914709ae19cdef4373acb29c56d8
    .claude/skills/speckit-bugfix/SKILL.md: sha256:f38e4621680b4d79f5b4362c72819c6c3008ee035b3af1af3ed4612bf19ff75b
    .claude/skills/speckit-setup/SKILL.md: sha256:c3cd8c25be5fe489fcb437ca455ab50259cdc2396251b8ac5a2c197de5e12ba0
    .claude/skills/speckit-setup/scripts/setup-speckit.sh: sha256:146b7725d2bad896e388938715f5f4941a50d4a0df1bc99e05048a57f52177f9
  content_hash: sha256:f1ee45663e35a2921f6ac2a79abb0054fdaac2fa4ae172b3ea9d9306b65138bc
- repo_url: srobroek/agentic-packages
  host: github.com
  resolved_commit: ce58db369cc6b5239dcd89911acf18e5245ca263
  resolved_ref: main
  virtual_path: packages/speckit-dag-hooks
  is_virtual: true
  package_type: apm_package
  deployed_files:
  - .claude/hooks/speckit-dag-hooks/scripts/dispatcher.py
  - .claude/hooks/speckit-dag-hooks/scripts/nodes.json
  deployed_file_hashes:
    .claude/hooks/speckit-dag-hooks/scripts/dispatcher.py: sha256:e724cb55715b632158506b9a5c67f21f19442196041f2072aadcee102f067962
    .claude/hooks/speckit-dag-hooks/scripts/nodes.json: sha256:1f9e5b9ce1b7e7923855c5383642fc53d5838dd34c393e5f25015fa03ac83521
  content_hash: sha256:bee702fd0d4010fc57bf389053245efb72e4d7dd6f9643b42fc4fb6e81194b80
  discovered_via: srobroek-agentic
  marketplace_plugin_name: speckit-dag-hooks
- repo_url: srobroek/agentic-packages
  host: github.com
  resolved_commit: ce58db369cc6b5239dcd89911acf18e5245ca263
  resolved_ref: main
  virtual_path: packages/steering-speckit
  is_virtual: true
  package_type: apm_package
  deployed_files:
  - .claude/rules/50-speckit-workflow.md
  content_hash: sha256:66fe6ea95cb6ea0bffb186b72d29a16ed16453486aff2fe8f1de2258613e40a0
  discovered_via: srobroek-agentic
  marketplace_plugin_name: steering-speckit
- repo_url: wshobson/agents
  host: github.com
  resolved_commit: cbcde3f1f4309f023095181d3e591f983ec7c95d
  virtual_path: plugins/database-design
  is_virtual: true
  package_type: marketplace_plugin
  deployed_files:
  - .agents/skills/postgresql
  - .claude/skills/postgresql
  content_hash: sha256:1c903eb0ba0cf46149a542c1f1fac350b544f2044baaaf175c51d483ba324dc3
- repo_url: wshobson/agents
  host: github.com
  resolved_commit: cbcde3f1f4309f023095181d3e591f983ec7c95d
  resolved_ref: main
  virtual_path: plugins/accessibility-compliance
  is_virtual: true
  package_type: marketplace_plugin
  deployed_files:
  - .agents/skills/screen-reader-testing
  - .agents/skills/wcag-audit-patterns
  - .claude/skills/screen-reader-testing
  - .claude/skills/wcag-audit-patterns
  content_hash: sha256:6d0d513d99ec377f1353b2e8694145b580bff1a911523cf6f1bfc7777339442e
- repo_url: wshobson/agents
  host: github.com
  resolved_commit: cbcde3f1f4309f023095181d3e591f983ec7c95d
  resolved_ref: main
  virtual_path: plugins/agent-orchestration
  is_virtual: true
  package_type: marketplace_plugin
  content_hash: sha256:5bda65961eedc73792e41a2ab78fc7b9169b57dd781cbb369b01724bf1ad918e
- repo_url: wshobson/agents
  host: github.com
  resolved_commit: cbcde3f1f4309f023095181d3e591f983ec7c95d
  resolved_ref: main
  virtual_path: plugins/brand-landingpage
  is_virtual: true
  package_type: marketplace_plugin
  deployed_files:
  - .agents/skills/brand-landingpage
  - .claude/skills/brand-landingpage
  content_hash: sha256:0144edc99fc2bbe51c1f131358db786b320bfe6d6d3efd3ed05c1ddf7c7d07a2
- repo_url: wshobson/agents
  host: github.com
  resolved_commit: cbcde3f1f4309f023095181d3e591f983ec7c95d
  resolved_ref: main
  virtual_path: plugins/c4-architecture
  is_virtual: true
  package_type: marketplace_plugin
  content_hash: sha256:3cae0b3cb79e7c5e7464b6595bf301cdf2d8830542cbf10ee23f7f8a150a5db1
- repo_url: wshobson/agents
  host: github.com
  resolved_commit: cbcde3f1f4309f023095181d3e591f983ec7c95d
  resolved_ref: main
  virtual_path: plugins/code-documentation
  is_virtual: true
  package_type: marketplace_plugin
  content_hash: sha256:aabcd93ef34e2895dddcd69bd167c9cc118b5bcf46fe7070d417528504c8f110
- repo_url: wshobson/agents
  host: github.com
  resolved_commit: cbcde3f1f4309f023095181d3e591f983ec7c95d
  resolved_ref: main
  virtual_path: plugins/comprehensive-review
  is_virtual: true
  package_type: marketplace_plugin
  content_hash: sha256:530dc4504b21af7fb1b0523eb836ac37dec0caf1e99330e3f5b65c1965958feb
- repo_url: wshobson/agents
  host: github.com
  resolved_commit: cbcde3f1f4309f023095181d3e591f983ec7c95d
  resolved_ref: main
  virtual_path: plugins/context-management
  is_virtual: true
  package_type: marketplace_plugin
  content_hash: sha256:f92dac9d7e44c325efcbd2f24b880fcfcbecdacdbc5683dd1d31347bd2020d2c
- repo_url: wshobson/agents
  host: github.com
  resolved_commit: cbcde3f1f4309f023095181d3e591f983ec7c95d
  resolved_ref: main
  virtual_path: plugins/documentation-generation
  is_virtual: true
  package_type: marketplace_plugin
  deployed_files:
  - .agents/skills/architecture-decision-records
  - .agents/skills/changelog-automation
  - .agents/skills/openapi-spec-generation
  - .claude/skills/architecture-decision-records
  - .claude/skills/changelog-automation
  - .claude/skills/openapi-spec-generation
  content_hash: sha256:579c222b7147ebc1b56d93100bf0073211f545f09fce8ebbfb081a149f8bb32b
- repo_url: wshobson/agents
  host: github.com
  resolved_commit: cbcde3f1f4309f023095181d3e591f983ec7c95d
  resolved_ref: main
  virtual_path: plugins/documentation-standards
  is_virtual: true
  package_type: marketplace_plugin
  deployed_files:
  - .agents/skills/hads
  - .claude/skills/hads
  content_hash: sha256:8ae284e980ba136da76140008d1d4c706ef0a3f4d010f8286c1a11999217d1af
- repo_url: wshobson/agents
  host: github.com
  resolved_commit: cbcde3f1f4309f023095181d3e591f983ec7c95d
  resolved_ref: main
  virtual_path: plugins/frontend-mobile-development
  is_virtual: true
  package_type: marketplace_plugin
  deployed_files:
  - .agents/skills/nextjs-app-router-patterns
  - .agents/skills/react-native-architecture
  - .agents/skills/react-state-management
  - .agents/skills/tailwind-design-system
  - .claude/skills/nextjs-app-router-patterns
  - .claude/skills/react-native-architecture
  - .claude/skills/react-state-management
  - .claude/skills/tailwind-design-system
  content_hash: sha256:9f659b638411e48bbb7e3f0d755233b6e341a49fdf21b0847cab20ba678d8773
- repo_url: wshobson/agents
  host: github.com
  resolved_commit: cbcde3f1f4309f023095181d3e591f983ec7c95d
  resolved_ref: main
  virtual_path: plugins/javascript-typescript
  is_virtual: true
  package_type: marketplace_plugin
  deployed_files:
  - .agents/skills/javascript-testing-patterns
  - .agents/skills/modern-javascript-patterns
  - .agents/skills/nodejs-backend-patterns
  - .agents/skills/typescript-advanced-types
  - .claude/skills/javascript-testing-patterns
  - .claude/skills/modern-javascript-patterns
  - .claude/skills/nodejs-backend-patterns
  - .claude/skills/typescript-advanced-types
  content_hash: sha256:caffe50c2a0d041c84ba9c465d4a420300e737d4ba7493fb5f93050103ad2848
- repo_url: wshobson/agents
  host: github.com
  resolved_commit: cbcde3f1f4309f023095181d3e591f983ec7c95d
  resolved_ref: main
  virtual_path: plugins/performance-testing-review
  is_virtual: true
  package_type: marketplace_plugin
  content_hash: sha256:2d70aa4f52bfb664d97b1ccd41d55184da60cb05d87a29240da54af0574b1821
- repo_url: wshobson/agents
  host: github.com
  resolved_commit: cbcde3f1f4309f023095181d3e591f983ec7c95d
  resolved_ref: main
  virtual_path: plugins/systems-programming
  is_virtual: true
  package_type: marketplace_plugin
  deployed_files:
  - .agents/skills/go-concurrency-patterns
  - .agents/skills/memory-safety-patterns
  - .agents/skills/rust-async-patterns
  - .claude/skills/go-concurrency-patterns
  - .claude/skills/memory-safety-patterns
  - .claude/skills/rust-async-patterns
  content_hash: sha256:e06cfefc014e1ab45fcbb57d017d5fee9f6c08d629191d86a642041f6feeadc3
- repo_url: wshobson/agents
  host: github.com
  resolved_commit: cbcde3f1f4309f023095181d3e591f983ec7c95d
  resolved_ref: main
  virtual_path: plugins/tdd-workflows
  is_virtual: true
  package_type: marketplace_plugin
  content_hash: sha256:ea5621c746f86b94bec5b7159cc63e6343887303154ad58dba6ae93385505fed
- repo_url: wshobson/agents
  host: github.com
  resolved_commit: cbcde3f1f4309f023095181d3e591f983ec7c95d
  resolved_ref: main
  virtual_path: plugins/ui-design
  is_virtual: true
  package_type: marketplace_plugin
  deployed_files:
  - .agents/skills/accessibility-compliance
  - .agents/skills/design-system-patterns
  - .agents/skills/interaction-design
  - .agents/skills/mobile-android-design
  - .agents/skills/mobile-ios-design
  - .agents/skills/react-native-design
  - .agents/skills/responsive-design
  - .agents/skills/visual-design-foundations
  - .agents/skills/web-component-design
  - .claude/skills/accessibility-compliance
  - .claude/skills/design-system-patterns
  - .claude/skills/interaction-design
  - .claude/skills/mobile-android-design
  - .claude/skills/mobile-ios-design
  - .claude/skills/react-native-design
  - .claude/skills/responsive-design
  - .claude/skills/visual-design-foundations
  - .claude/skills/web-component-design
  content_hash: sha256:12453959b4b400971a4d17738bf6535261a5e9d26f498ab349997b4f47ac9da0
- repo_url: wshobson/agents
  host: github.com
  resolved_commit: cbcde3f1f4309f023095181d3e591f983ec7c95d
  resolved_ref: main
  virtual_path: plugins/unit-testing
  is_virtual: true
  package_type: marketplace_plugin
  content_hash: sha256:0dd5de3d44f89f1e0cd17880f69eb9db5388543caaa5616d07a0c94fe7837f53
mcp_servers:
- codebase-memory-mcp
- context7
- mcp-package-version
- playwright
- repomix
- serena
mcp_configs:
  codebase-memory-mcp:
    name: codebase-memory-mcp
    transport: stdio
    registry: false
    command: codebase-memory-mcp
  context7:
    name: context7
    transport: stdio
    args:
    - -y
    - '@upstash/context7-mcp'
    registry: false
    command: npx
  mcp-package-version:
    name: mcp-package-version
    transport: stdio
    args:
    - -y
    - mcp-package-version
    registry: false
    command: npx
  playwright:
    name: playwright
    transport: stdio
    args:
    - -y
    - '@playwright/mcp@latest'
    registry: false
    command: npx
  repomix:
    name: repomix
    transport: stdio
    args:
    - -y
    - repomix
    - --mcp
    registry: false
    command: npx
  serena:
    name: serena
    transport: stdio
    args:
    - -lc
    - ctx="${SERENA_MCP_CONTEXT:-}"; if [ -z "$ctx" ]; then parent="$(ps -o args=
      -p "$PPID" 2>/dev/null | tr "[:upper:]" "[:lower:]")"; case "$parent" in *claude*)
      ctx="claude-code" ;; *codex*) ctx="codex" ;; *) ctx="agent" ;; esac; fi; exec
      serena start-mcp-server --context "$ctx" --project-from-cwd
    registry: false
    command: bash
local_deployed_files:
- .claude/rules/05-astro-library-manager.md
- .claude/rules/21-astro-monorepo.md
- .claude/rules/22-astro-build-run.md
- .claude/rules/76-astro-specs.md
- .claude/rules/91-astro-agentic-ownership.md
local_deployed_file_hashes:
  .claude/rules/05-astro-library-manager.md: sha256:8390273d1ce1de32a57ff7b1a2d9b39de2a4ca6ddda8b820686211227a2fa159
  .claude/rules/21-astro-monorepo.md: sha256:c5d02f746f1ed8400d1fe04e8ed4c783c37f7566da6320785f719acb217cbbe3
  .claude/rules/22-astro-build-run.md: sha256:908363ea9d4cb3e4d3f2f99e0bfe06bdee3e950507c638eed0286db9dec5383d
  .claude/rules/76-astro-specs.md: sha256:22ec5f0bb93489b7a5042c11b02e732db3dce94abdd16921e277929405525c7b
  .claude/rules/91-astro-agentic-ownership.md: sha256:d19bcb45235bf9a4991120b5f992716611cff3c8b02570707407ce66b342a70a
