# This file is automatically @generated by Cargo.
# It is not intended for manual editing.
version = 4

[[package]]
name = "app_core"
version = "0.1.0"

[[package]]
name = "audit"
version = "0.1.0"

[[package]]
name = "calibration_core"
version = "0.1.0"

[[package]]
name = "contracts_core"
version = "0.1.0"

[[package]]
name = "desktop_shell"
version = "0.1.0"

[[package]]
name = "domain_core"
version = "0.1.0"

[[package]]
name = "fs_inventory"
version = "0.1.0"

[[package]]
name = "fs_planner"
version = "0.1.0"

[[package]]
name = "metadata_core"
version = "0.1.0"

[[package]]
name = "metadata_fits"
version = "0.1.0"

[[package]]
name = "metadata_video"
version = "0.1.0"

[[package]]
name = "metadata_xisf"
version = "0.1.0"

[[package]]
name = "persistence_db"
version = "0.1.0"

[[package]]
name = "project_structure"
version = "0.1.0"

[[package]]
name = "sessions"
version = "0.1.0"

[[package]]
name = "targeting"
version = "0.1.0"

[[package]]
name = "workflow_profiles"
version = "0.1.0"
